
Microsoft Visual Studio Solution File, Format Version 12.00
# Visual Studio 2013
VisualStudioVersion = 12.0.30723.0
MinimumVisualStudioVersion = 10.0.40219.1
Project("{FAE04EC0-301F-11D3-BF4B-00C04F79EFBC}") = "BananaSocialNetwork", "BananaSocialNetwork\BananaSocialNetwork.csproj", "{588EA518-8A06-4061-BEFC-9FB54F788D6E}"
EndProject
Project("{FAE04EC0-301F-11D3-BF4B-00C04F79EFBC}") = "BananaSocialNetwork.Tests", "BananaSocialNetwork.Tests\BananaSocialNetwork.Tests.csproj", "{5FA1E986-6E14-45CD-9E59-9F23FEC8EAE7}"
EndProject
Global
	GlobalSection(SolutionConfigurationPlatforms) = preSolution
		Debug|Any CPU = Debug|Any CPU
		Release|Any CPU = Release|Any CPU
	EndGlobalSection
	GlobalSection(ProjectConfigurationPlatforms) = postSolution
		{588EA518-8A06-4061-BEFC-9FB54F788D6E}.Debug|Any CPU.ActiveCfg = Debug|Any CPU
		{588EA518-8A06-4061-BEFC-9FB54F788D6E}.Debug|Any CPU.Build.0 = Debug|Any CPU
		{588EA518-8A06-4061-BEFC-9FB54F788D6E}.Release|Any CPU.ActiveCfg = Release|Any CPU
		{588EA518-8A06-4061-BEFC-9FB54F788D6E}.Release|Any CPU.Build.0 = Release|Any CPU
		{5FA1E986-6E14-45CD-9E59-9F23FEC8EAE7}.Debug|Any CPU.ActiveCfg = Debug|Any CPU
		{5FA1E986-6E14-45CD-9E59-9F23FEC8EAE7}.Debug|Any CPU.Build.0 = Debug|Any CPU
		{5FA1E986-6E14-45CD-9E59-9F23FEC8EAE7}.Release|Any CPU.ActiveCfg = Release|Any CPU
		{5FA1E986-6E14-45CD-9E59-9F23FEC8EAE7}.Release|Any CPU.Build.0 = Release|Any CPU
	EndGlobalSection
	GlobalSection(SolutionProperties) = preSolution
		HideSolutionNode = FALSE
	EndGlobalSection
EndGlobal
